
Microsoft Visual Studio Solution File, Format Version 12.00
# Visual Studio Version 16
VisualStudioVersion = 16.0.29418.71
MinimumVisualStudioVersion = 10.0.40219.1
Project("{FAE04EC0-301F-11D3-BF4B-00C04F79EFBC}") = "WebApp", "WebApp\WebApp.csproj", "{ED4C4A47-CA90-4D54-9D74-97B4700B68EE}"
EndProject
Global
	GlobalSection(SolutionConfigurationPlatforms) = preSolution
		Debug|Any CPU = Debug|Any CPU
		Release|Any CPU = Release|Any CPU
	EndGlobalSection
	GlobalSection(ProjectConfigurationPlatforms) = postSolution
		{ED4C4A47-CA90-4D54-9D74-97B4700B68EE}.Debug|Any CPU.ActiveCfg = Debug|Any CPU
		{ED4C4A47-CA90-4D54-9D74-97B4700B68EE}.Debug|Any CPU.Build.0 = Debug|Any CPU
		{ED4C4A47-CA90-4D54-9D74-97B4700B68EE}.Release|Any CPU.ActiveCfg = Release|Any CPU
		{ED4C4A47-CA90-4D54-9D74-97B4700B68EE}.Release|Any CPU.Build.0 = Release|Any CPU
	EndGlobalSection
	GlobalSection(SolutionProperties) = preSolution
		HideSolutionNode = FALSE
	EndGlobalSection
	GlobalSection(ExtensibilityGlobals) = postSolution
		SolutionGuid = {DC9EE2B7-0EDF-4BD2-829B-7F6613381A0D}
	EndGlobalSection
EndGlobal
